<Solution>
  <Configurations>
    <Platform Name="Any CPU" />
    <Platform Name="x64" />
  </Configurations>
  <Folder Name="/Elementos de la solución/">
    <File Path=".gitignore" />
  </Folder>
  <Project Path="AzorSuite.Inventor2017/AzorSuite.Inventor2017.csproj" Id="18e27248-9f83-490f-99d0-75d580c83ae6">
    <Platform Solution="*|x64" Project="x64" />
  </Project>
  <Project Path="AzorSuite.Publisher/AzorSuite.Publisher.csproj" Id="2b9877cd-b967-4399-b42b-4015cbe8c010">
    <BuildDependency Project="AzorSuite.Inventor2017/AzorSuite.Inventor2017.csproj" />
    <BuildDependency Project="AzorSuite.UI/AzorSuite.UI.csproj" />
    <BuildDependency Project="AzorSuite.Updater/AzorSuite.Updater.csproj" />
    <Platform Solution="Release|x64" Project="x64" />
  </Project>
  <Project Path="AzorSuite.UI/AzorSuite.UI.csproj" Id="5bae9810-a007-4997-bc43-d394adc44672">
    <Platform Solution="*|x64" Project="x64" />
  </Project>
  <Project Path="AzorSuite.Updater/AzorSuite.Updater.csproj" Id="bbef5ca1-8d30-449e-aac7-8cdf64eb81a6">
    <Platform Solution="Release|x64" Project="x64" />
  </Project>
</Solution>
